PODS:
  - LSYLogin (0.3.0):
    - LSYLogin/File1 (= 0.3.0)
  - LSYLogin/File1 (0.3.0)

DEPENDENCIES:
  - LSYLogin (from `../`)

EXTERNAL SOURCES:
  LSYLogin:
    :path: "../"

SPEC CHECKSUMS:
  LSYLogin: 6b265358aa49a984ca47fc74edda7c112e91bda1

PODFILE CHECKSUM: 4f5d4ae35dcddd7e594dabfddb8f7e2079ffd01b

COCOAPODS: 1.10.1
